// !$*UTF8*$!
{
	archiveVersion = 1;
	classes = {
	};
	objectVersion = 56;
	objects = {

/* Begin PBXBuildFile section */
		92799F612B5654F00003A9FA /* LoginModel.swift in Sources */ = {isa = PBXBuildFile; fileRef = 92799F602B5654F00003A9FA /* LoginModel.swift */; };
		92799F642B56550E0003A9FA /* LoginViewController.swift in Sources */ = {isa = PBXBuildFile; fileRef = 92799F622B56550E0003A9FA /* LoginViewController.swift */; };
		92799F652B56550E0003A9FA /* LoginViewController.xib in Resources */ = {isa = PBXBuildFile; fileRef = 92799F632B56550E0003A9FA /* LoginViewController.xib */; };
		92799F682B5659300003A9FA /* IQKeyboardManagerSwift in Frameworks */ = {isa = PBXBuildFile; productRef = 92799F672B5659300003A9FA /* IQKeyboardManagerSwift */; };
		92799F6A2B568DDD0003A9FA /* LoginViewModel.swift in Sources */ = {isa = PBXBuildFile; fileRef = 92799F692B568DDD0003A9FA /* LoginViewModel.swift */; };
		927AD7982B52E743006FE565 /* AppDelegate.swift in Sources */ = {isa = PBXBuildFile; fileRef = 927AD7972B52E743006FE565 /* AppDelegate.swift */; };
		927AD79A2B52E743006FE565 /* SceneDelegate.swift in Sources */ = {isa = PBXBuildFile; fileRef = 927AD7992B52E743006FE565 /* SceneDelegate.swift */; };
		927AD79F2B52E743006FE565 /* Main.storyboard in Resources */ = {isa = PBXBuildFile; fileRef = 927AD79D2B52E743006FE565 /* Main.storyboard */; };
		927AD7A12B52E744006FE565 /* Assets.xcassets in Resources */ = {isa = PBXBuildFile; fileRef = 927AD7A02B52E744006FE565 /* Assets.xcassets */; };
		927AD7A42B52E744006FE565 /* LaunchScreen.storyboard in Resources */ = {isa = PBXBuildFile; fileRef = 927AD7A22B52E744006FE565 /* LaunchScreen.storyboard */; };
		927AD7B12B52E788006FE565 /* Constants.swift in Sources */ = {isa = PBXBuildFile; fileRef = 927AD7AD2B52E788006FE565 /* Constants.swift */; };
		927AD7B22B52E788006FE565 /* APIManager.swift in Sources */ = {isa = PBXBuildFile; fileRef = 927AD7AF2B52E788006FE565 /* APIManager.swift */; };
		927AD7BD2B52E7AA006FE565 /* ProductViewModel.swift in Sources */ = {isa = PBXBuildFile; fileRef = 927AD7B72B52E7AA006FE565 /* ProductViewModel.swift */; };
		927AD7BE2B52E7AA006FE565 /* ProductModel.swift in Sources */ = {isa = PBXBuildFile; fileRef = 927AD7B92B52E7AA006FE565 /* ProductModel.swift */; };
		927AD7BF2B52E7AA006FE565 /* ProductListViewController.swift in Sources */ = {isa = PBXBuildFile; fileRef = 927AD7BB2B52E7AA006FE565 /* ProductListViewController.swift */; };
		927AD7C02B52E7AA006FE565 /* ProductListViewController.xib in Resources */ = {isa = PBXBuildFile; fileRef = 927AD7BC2B52E7AA006FE565 /* ProductListViewController.xib */; };
		928441F02B53BE48009E172F /* Kingfisher in Frameworks */ = {isa = PBXBuildFile; productRef = 928441EF2B53BE48009E172F /* Kingfisher */; };
		928441F22B53D08A009E172F /* UIImageView+Extensions.swift in Sources */ = {isa = PBXBuildFile; fileRef = 928441F12B53D08A009E172F /* UIImageView+Extensions.swift */; };
		92C0ED7B2B53A9D3002CF017 /* Alamofire in Frameworks */ = {isa = PBXBuildFile; productRef = 92C0ED7A2B53A9D3002CF017 /* Alamofire */; };
		92C0ED7E2B53B222002CF017 /* ProductCell.swift in Sources */ = {isa = PBXBuildFile; fileRef = 92C0ED7C2B53B222002CF017 /* ProductCell.swift */; };
		92C0ED7F2B53B222002CF017 /* ProductCell.xib in Resources */ = {isa = PBXBuildFile; fileRef = 92C0ED7D2B53B222002CF017 /* ProductCell.xib */; };
/* End PBXBuildFile section */

/* Begin PBXFileReference section */
		92799F602B5654F00003A9FA /* LoginModel.swift */ = {isa = PBXFileReference; lastKnownFileType = sourcecode.swift; path = LoginModel.swift; sourceTree = "<group>"; };
		92799F622B56550E0003A9FA /* LoginViewController.swift */ = {isa = PBXFileReference; lastKnownFileType = sourcecode.swift; path = LoginViewController.swift; sourceTree = "<group>"; };
		92799F632B56550E0003A9FA /* LoginViewController.xib */ = {isa = PBXFileReference; lastKnownFileType = file.xib; path = LoginViewController.xib; sourceTree = "<group>"; };
		92799F692B568DDD0003A9FA /* LoginViewModel.swift */ = {isa = PBXFileReference; lastKnownFileType = sourcecode.swift; path = LoginViewModel.swift; sourceTree = "<group>"; };
		927AD7942B52E743006FE565 /* ProductApp-MVVM.app */ = {isa = PBXFileReference; explicitFileType = wrapper.application; includeInIndex = 0; path = "ProductApp-MVVM.app"; sourceTree = BUILT_PRODUCTS_DIR; };
		927AD7972B52E743006FE565 /* AppDelegate.swift */ = {isa = PBXFileReference; lastKnownFileType = sourcecode.swift; path = AppDelegate.swift; sourceTree = "<group>"; };
		927AD7992B52E743006FE565 /* SceneDelegate.swift */ = {isa = PBXFileReference; lastKnownFileType = sourcecode.swift; path = SceneDelegate.swift; sourceTree = "<group>"; };
		927AD79E2B52E743006FE565 /* Base */ = {isa = PBXFileReference; lastKnownFileType = file.storyboard; name = Base; path = Base.lproj/Main.storyboard; sourceTree = "<group>"; };
		927AD7A02B52E744006FE565 /* Assets.xcassets */ = {isa = PBXFileReference; lastKnownFileType = folder.assetcatalog; path = Assets.xcassets; sourceTree = "<group>"; };
		927AD7A32B52E744006FE565 /* Base */ = {isa = PBXFileReference; lastKnownFileType = file.storyboard; name = Base; path = Base.lproj/LaunchScreen.storyboard; sourceTree = "<group>"; };
		927AD7A52B52E744006FE565 /* Info.plist */ = {isa = PBXFileReference; lastKnownFileType = text.plist.xml; path = Info.plist; sourceTree = "<group>"; };
		927AD7AD2B52E788006FE565 /* Constants.swift */ = {isa = PBXFileReference; fileEncoding = 4; lastKnownFileType = sourcecode.swift; path = Constants.swift; sourceTree = "<group>"; };
		927AD7AF2B52E788006FE565 /* APIManager.swift */ = {isa = PBXFileReference; fileEncoding = 4; lastKnownFileType = sourcecode.swift; path = APIManager.swift; sourceTree = "<group>"; };
		927AD7B72B52E7AA006FE565 /* ProductViewModel.swift */ = {isa = PBXFileReference; fileEncoding = 4; lastKnownFileType = sourcecode.swift; path = ProductViewModel.swift; sourceTree = "<group>"; };
		927AD7B92B52E7AA006FE565 /* ProductModel.swift */ = {isa = PBXFileReference; fileEncoding = 4; lastKnownFileType = sourcecode.swift; path = ProductModel.swift; sourceTree = "<group>"; };
		927AD7BB2B52E7AA006FE565 /* ProductListViewController.swift */ = {isa = PBXFileReference; fileEncoding = 4; lastKnownFileType = sourcecode.swift; path = ProductListViewController.swift; sourceTree = "<group>"; };
		927AD7BC2B52E7AA006FE565 /* ProductListViewController.xib */ = {isa = PBXFileReference; fileEncoding = 4; lastKnownFileType = file.xib; path = ProductListViewController.xib; sourceTree = "<group>"; };
		928441F12B53D08A009E172F /* UIImageView+Extensions.swift */ = {isa = PBXFileReference; lastKnownFileType = sourcecode.swift; path = "UIImageView+Extensions.swift"; sourceTree = "<group>"; };
		92C0ED7C2B53B222002CF017 /* ProductCell.swift */ = {isa = PBXFileReference; lastKnownFileType = sourcecode.swift; path = ProductCell.swift; sourceTree = "<group>"; };
		92C0ED7D2B53B222002CF017 /* ProductCell.xib */ = {isa = PBXFileReference; lastKnownFileType = file.xib; path = ProductCell.xib; sourceTree = "<group>"; };
/* End PBXFileReference section */

/* Begin PBXFrameworksBuildPhase section */
		927AD7912B52E743006FE565 /* Frameworks */ = {
			isa = PBXFrameworksBuildPhase;
			buildActionMask = 2147483647;
			files = (
				928441F02B53BE48009E172F /* Kingfisher in Frameworks */,
				92C0ED7B2B53A9D3002CF017 /* Alamofire in Frameworks */,
				92799F682B5659300003A9FA /* IQKeyboardManagerSwift in Frameworks */,
			);
			runOnlyForDeploymentPostprocessing = 0;
		};
/* End PBXFrameworksBuildPhase section */

/* Begin PBXGroup section */
		92799F5C2B5654B40003A9FA /* Login */ = {
			isa = PBXGroup;
			children = (
				92799F5F2B5654C90003A9FA /* Model */,
				92799F5E2B5654C60003A9FA /* View */,
				92799F5D2B5654C40003A9FA /* ViewModel */,
			);
			path = Login;
			sourceTree = "<group>";
		};
		92799F5D2B5654C40003A9FA /* ViewModel */ = {
			isa = PBXGroup;
			children = (
				92799F692B568DDD0003A9FA /* LoginViewModel.swift */,
			);
			path = ViewModel;
			sourceTree = "<group>";
		};
		92799F5E2B5654C60003A9FA /* View */ = {
			isa = PBXGroup;
			children = (
				92799F622B56550E0003A9FA /* LoginViewController.swift */,
				92799F632B56550E0003A9FA /* LoginViewController.xib */,
			);
			path = View;
			sourceTree = "<group>";
		};
		92799F5F2B5654C90003A9FA /* Model */ = {
			isa = PBXGroup;
			children = (
				92799F602B5654F00003A9FA /* LoginModel.swift */,
			);
			path = Model;
			sourceTree = "<group>";
		};
		92799F6B2B568DF50003A9FA /* SignUp */ = {
			isa = PBXGroup;
			children = (
				92799F6E2B568E100003A9FA /* Model */,
				92799F6D2B568E0E0003A9FA /* View */,
				92799F6C2B568E0B0003A9FA /* ViewModel */,
			);
			path = SignUp;
			sourceTree = "<group>";
		};
		92799F6C2B568E0B0003A9FA /* ViewModel */ = {
			isa = PBXGroup;
			children = (
			);
			path = ViewModel;
			sourceTree = "<group>";
		};
		92799F6D2B568E0E0003A9FA /* View */ = {
			isa = PBXGroup;
			children = (
			);
			path = View;
			sourceTree = "<group>";
		};
		92799F6E2B568E100003A9FA /* Model */ = {
			isa = PBXGroup;
			children = (
			);
			path = Model;
			sourceTree = "<group>";
		};
		927AD78B2B52E742006FE565 = {
			isa = PBXGroup;
			children = (
				927AD7962B52E743006FE565 /* ProductApp-MVVM */,
				927AD7952B52E743006FE565 /* Products */,
			);
			sourceTree = "<group>";
		};
		927AD7952B52E743006FE565 /* Products */ = {
			isa = PBXGroup;
			children = (
				927AD7942B52E743006FE565 /* ProductApp-MVVM.app */,
			);
			name = Products;
			sourceTree = "<group>";
		};
		927AD7962B52E743006FE565 /* ProductApp-MVVM */ = {
			isa = PBXGroup;
			children = (
				927AD7AB2B52E76A006FE565 /* Application */,
				927AD7AC2B52E788006FE565 /* Constants */,
				927AD7B02B52E788006FE565 /* Extensions */,
				927AD7AE2B52E788006FE565 /* Helper */,
				927AD7B42B52E7AA006FE565 /* Screens */,
				927AD7C12B52E7AF006FE565 /* Resources */,
				927AD7B32B52E795006FE565 /* StoryBoard */,
				927AD7A52B52E744006FE565 /* Info.plist */,
			);
			path = "ProductApp-MVVM";
			sourceTree = "<group>";
		};
		927AD7AB2B52E76A006FE565 /* Application */ = {
			isa = PBXGroup;
			children = (
				927AD7972B52E743006FE565 /* AppDelegate.swift */,
				927AD7992B52E743006FE565 /* SceneDelegate.swift */,
			);
			path = Application;
			sourceTree = "<group>";
		};
		927AD7AC2B52E788006FE565 /* Constants */ = {
			isa = PBXGroup;
			children = (
				927AD7AD2B52E788006FE565 /* Constants.swift */,
			);
			path = Constants;
			sourceTree = "<group>";
		};
		927AD7AE2B52E788006FE565 /* Helper */ = {
			isa = PBXGroup;
			children = (
				927AD7AF2B52E788006FE565 /* APIManager.swift */,
			);
			path = Helper;
			sourceTree = "<group>";
		};
		927AD7B02B52E788006FE565 /* Extensions */ = {
			isa = PBXGroup;
			children = (
				928441F12B53D08A009E172F /* UIImageView+Extensions.swift */,
			);
			path = Extensions;
			sourceTree = "<group>";
		};
		927AD7B32B52E795006FE565 /* StoryBoard */ = {
			isa = PBXGroup;
			children = (
				927AD79D2B52E743006FE565 /* Main.storyboard */,
				927AD7A22B52E744006FE565 /* LaunchScreen.storyboard */,
			);
			path = StoryBoard;
			sourceTree = "<group>";
		};
		927AD7B42B52E7AA006FE565 /* Screens */ = {
			isa = PBXGroup;
			children = (
				92799F6B2B568DF50003A9FA /* SignUp */,
				92799F5C2B5654B40003A9FA /* Login */,
				927AD7B52B52E7AA006FE565 /* Product */,
			);
			path = Screens;
			sourceTree = "<group>";
		};
		927AD7B52B52E7AA006FE565 /* Product */ = {
			isa = PBXGroup;
			children = (
				927AD7B82B52E7AA006FE565 /* Model */,
				927AD7BA2B52E7AA006FE565 /* View */,
				927AD7B62B52E7AA006FE565 /* ViewModel */,
			);
			path = Product;
			sourceTree = "<group>";
		};
		927AD7B62B52E7AA006FE565 /* ViewModel */ = {
			isa = PBXGroup;
			children = (
				927AD7B72B52E7AA006FE565 /* ProductViewModel.swift */,
			);
			path = ViewModel;
			sourceTree = "<group>";
		};
		927AD7B82B52E7AA006FE565 /* Model */ = {
			isa = PBXGroup;
			children = (
				927AD7B92B52E7AA006FE565 /* ProductModel.swift */,
			);
			path = Model;
			sourceTree = "<group>";
		};
		927AD7BA2B52E7AA006FE565 /* View */ = {
			isa = PBXGroup;
			children = (
				927AD7BB2B52E7AA006FE565 /* ProductListViewController.swift */,
				927AD7BC2B52E7AA006FE565 /* ProductListViewController.xib */,
				92C0ED802B53B228002CF017 /* Product Cell */,
			);
			path = View;
			sourceTree = "<group>";
		};
		927AD7C12B52E7AF006FE565 /* Resources */ = {
			isa = PBXGroup;
			children = (
				927AD7A02B52E744006FE565 /* Assets.xcassets */,
			);
			path = Resources;
			sourceTree = "<group>";
		};
		92C0ED802B53B228002CF017 /* Product Cell */ = {
			isa = PBXGroup;
			children = (
				92C0ED7C2B53B222002CF017 /* ProductCell.swift */,
				92C0ED7D2B53B222002CF017 /* ProductCell.xib */,
			);
			path = "Product Cell";
			sourceTree = "<group>";
		};
/* End PBXGroup section */

/* Begin PBXNativeTarget section */
		927AD7932B52E743006FE565 /* ProductApp-MVVM */ = {
			isa = PBXNativeTarget;
			buildConfigurationList = 927AD7A82B52E744006FE565 /* Build configuration list for PBXNativeTarget "ProductApp-MVVM" */;
			buildPhases = (
				927AD7902B52E743006FE565 /* Sources */,
				927AD7912B52E743006FE565 /* Frameworks */,
				927AD7922B52E743006FE565 /* Resources */,
			);
			buildRules = (
			);
			dependencies = (
			);
			name = "ProductApp-MVVM";
			packageProductDependencies = (
				92C0ED7A2B53A9D3002CF017 /* Alamofire */,
				928441EF2B53BE48009E172F /* Kingfisher */,
				92799F672B5659300003A9FA /* IQKeyboardManagerSwift */,
			);
			productName = "ProductApp-MVVM";
			productReference = 927AD7942B52E743006FE565 /* ProductApp-MVVM.app */;
			productType = "com.apple.product-type.application";
		};
/* End PBXNativeTarget section */

/* Begin PBXProject section */
		927AD78C2B52E742006FE565 /* Project object */ = {
			isa = PBXProject;
			attributes = {
				BuildIndependentTargetsInParallel = 1;
				LastSwiftUpdateCheck = 1520;
				LastUpgradeCheck = 1520;
				TargetAttributes = {
					927AD7932B52E743006FE565 = {
						CreatedOnToolsVersion = 15.2;
					};
				};
			};
			buildConfigurationList = 927AD78F2B52E742006FE565 /* Build configuration list for PBXProject "ProductApp-MVVM" */;
			compatibilityVersion = "Xcode 14.0";
			developmentRegion = en;
			hasScannedForEncodings = 0;
			knownRegions = (
				en,
				Base,
			);
			mainGroup = 927AD78B2B52E742006FE565;
			packageReferences = (
				92C0ED792B53A9D3002CF017 /* XCRemoteSwiftPackageReference "Alamofire" */,
				928441EE2B53BE48009E172F /* XCRemoteSwiftPackageReference "Kingfisher" */,
				92799F662B5659300003A9FA /* XCRemoteSwiftPackageReference "IQKeyboardManager" */,
			);
			productRefGroup = 927AD7952B52E743006FE565 /* Products */;
			projectDirPath = "";
			projectRoot = "";
			targets = (
				927AD7932B52E743006FE565 /* ProductApp-MVVM */,
			);
		};
/* End PBXProject section */

/* Begin PBXResourcesBuildPhase section */
		927AD7922B52E743006FE565 /* Resources */ = {
			isa = PBXResourcesBuildPhase;
			buildActionMask = 2147483647;
			files = (
				927AD7A42B52E744006FE565 /* LaunchScreen.storyboard in Resources */,
				927AD7A12B52E744006FE565 /* Assets.xcassets in Resources */,
				92799F652B56550E0003A9FA /* LoginViewController.xib in Resources */,
				92C0ED7F2B53B222002CF017 /* ProductCell.xib in Resources */,
				927AD7C02B52E7AA006FE565 /* ProductListViewController.xib in Resources */,
				927AD79F2B52E743006FE565 /* Main.storyboard in Resources */,
			);
			runOnlyForDeploymentPostprocessing = 0;
		};
/* End PBXResourcesBuildPhase section */

/* Begin PBXSourcesBuildPhase section */
		927AD7902B52E743006FE565 /* Sources */ = {
			isa = PBXSourcesBuildPhase;
			buildActionMask = 2147483647;
			files = (
				927AD7982B52E743006FE565 /* AppDelegate.swift in Sources */,
				927AD7BE2B52E7AA006FE565 /* ProductModel.swift in Sources */,
				927AD7BF2B52E7AA006FE565 /* ProductListViewController.swift in Sources */,
				928441F22B53D08A009E172F /* UIImageView+Extensions.swift in Sources */,
				927AD7B22B52E788006FE565 /* APIManager.swift in Sources */,
				92799F612B5654F00003A9FA /* LoginModel.swift in Sources */,
				927AD79A2B52E743006FE565 /* SceneDelegate.swift in Sources */,
				92C0ED7E2B53B222002CF017 /* ProductCell.swift in Sources */,
				92799F6A2B568DDD0003A9FA /* LoginViewModel.swift in Sources */,
				927AD7B12B52E788006FE565 /* Constants.swift in Sources */,
				927AD7BD2B52E7AA006FE565 /* ProductViewModel.swift in Sources */,
				92799F642B56550E0003A9FA /* LoginViewController.swift in Sources */,
			);
			runOnlyForDeploymentPostprocessing = 0;
		};
/* End PBXSourcesBuildPhase section */

/* Begin PBXVariantGroup section */
		927AD79D2B52E743006FE565 /* Main.storyboard */ = {
			isa = PBXVariantGroup;
			children = (
				927AD79E2B52E743006FE565 /* Base */,
			);
			name = Main.storyboard;
			sourceTree = "<group>";
		};
		927AD7A22B52E744006FE565 /* LaunchScreen.storyboard */ = {
			isa = PBXVariantGroup;
			children = (
				927AD7A32B52E744006FE565 /* Base */,
			);
			name = LaunchScreen.storyboard;
			sourceTree = "<group>";
		};
/* End PBXVariantGroup section */

/* Begin XCBuildConfiguration section */
		927AD7A62B52E744006FE565 /* Debug */ = {
			isa = XCBuildConfiguration;
			buildSettings = {
				ALWAYS_SEARCH_USER_PATHS = NO;
				ASSETCATALOG_COMPILER_GENERATE_SWIFT_ASSET_SYMBOL_EXTENSIONS = YES;
				CLANG_ANALYZER_NONNULL = YES;
				CLANG_ANALYZER_NUMBER_OBJECT_CONVERSION = YES_AGGRESSIVE;
				CLANG_CXX_LANGUAGE_STANDARD = "gnu++20";
				CLANG_ENABLE_MODULES = YES;
				CLANG_ENABLE_OBJC_ARC = YES;
				CLANG_ENABLE_OBJC_WEAK = YES;
				CLANG_WARN_BLOCK_CAPTURE_AUTORELEASING = YES;
				CLANG_WARN_BOOL_CONVERSION = YES;
				CLANG_WARN_COMMA = YES;
				CLANG_WARN_CONSTANT_CONVERSION = YES;
				CLANG_WARN_DEPRECATED_OBJC_IMPLEMENTATIONS = YES;
				CLANG_WARN_DIRECT_OBJC_ISA_USAGE = YES_ERROR;
				CLANG_WARN_DOCUMENTATION_COMMENTS = YES;
				CLANG_WARN_EMPTY_BODY = YES;
				CLANG_WARN_ENUM_CONVERSION = YES;
				CLANG_WARN_INFINITE_RECURSION = YES;
				CLANG_WARN_INT_CONVERSION = YES;
				CLANG_WARN_NON_LITERAL_NULL_CONVERSION = YES;
				CLANG_WARN_OBJC_IMPLICIT_RETAIN_SELF = YES;
				CLANG_WARN_OBJC_LITERAL_CONVERSION = YES;
				CLANG_WARN_OBJC_ROOT_CLASS = YES_ERROR;
				CLANG_WARN_QUOTED_INCLUDE_IN_FRAMEWORK_HEADER = YES;
				CLANG_WARN_RANGE_LOOP_ANALYSIS = YES;
				CLANG_WARN_STRICT_PROTOTYPES = YES;
				CLANG_WARN_SUSPICIOUS_MOVE = YES;
				CLANG_WARN_UNGUARDED_AVAILABILITY = YES_AGGRESSIVE;
				CLANG_WARN_UNREACHABLE_CODE = YES;
				CLANG_WARN__DUPLICATE_METHOD_MATCH = YES;
				COPY_PHASE_STRIP = NO;
				DEBUG_INFORMATION_FORMAT = dwarf;
				ENABLE_STRICT_OBJC_MSGSEND = YES;
				ENABLE_TESTABILITY = YES;
				ENABLE_USER_SCRIPT_SANDBOXING = YES;
				GCC_C_LANGUAGE_STANDARD = gnu17;
				GCC_DYNAMIC_NO_PIC = NO;
				GCC_NO_COMMON_BLOCKS = YES;
				GCC_OPTIMIZATION_LEVEL = 0;
				GCC_PREPROCESSOR_DEFINITIONS = (
					"DEBUG=1",
					"$(inherited)",
				);
				GCC_WARN_64_TO_32_BIT_CONVERSION = YES;
				GCC_WARN_ABOUT_RETURN_TYPE = YES_ERROR;
				GCC_WARN_UNDECLARED_SELECTOR = YES;
				GCC_WARN_UNINITIALIZED_AUTOS = YES_AGGRESSIVE;
				GCC_WARN_UNUSED_FUNCTION = YES;
				GCC_WARN_UNUSED_VARIABLE = YES;
				IPHONEOS_DEPLOYMENT_TARGET = 15.0;
				LOCALIZATION_PREFERS_STRING_CATALOGS = YES;
				MTL_ENABLE_DEBUG_INFO = INCLUDE_SOURCE;
				MTL_FAST_MATH = YES;
				ONLY_ACTIVE_ARCH = YES;
				SDKROOT = iphoneos;
				SWIFT_ACTIVE_COMPILATION_CONDITIONS = "DEBUG $(inherited)";
				SWIFT_OPTIMIZATION_LEVEL = "-Onone";
			};
			name = Debug;
		};
		927AD7A72B52E744006FE565 /* Release */ = {
			isa = XCBuildConfiguration;
			buildSettings = {
				ALWAYS_SEARCH_USER_PATHS = NO;
				ASSETCATALOG_COMPILER_GENERATE_SWIFT_ASSET_SYMBOL_EXTENSIONS = YES;
				CLANG_ANALYZER_NONNULL = YES;
				CLANG_ANALYZER_NUMBER_OBJECT_CONVERSION = YES_AGGRESSIVE;
				CLANG_CXX_LANGUAGE_STANDARD = "gnu++20";
				CLANG_ENABLE_MODULES = YES;
				CLANG_ENABLE_OBJC_ARC = YES;
				CLANG_ENABLE_OBJC_WEAK = YES;
				CLANG_WARN_BLOCK_CAPTURE_AUTORELEASING = YES;
				CLANG_WARN_BOOL_CONVERSION = YES;
				CLANG_WARN_COMMA = YES;
				CLANG_WARN_CONSTANT_CONVERSION = YES;
				CLANG_WARN_DEPRECATED_OBJC_IMPLEMENTATIONS = YES;
				CLANG_WARN_DIRECT_OBJC_ISA_USAGE = YES_ERROR;
				CLANG_WARN_DOCUMENTATION_COMMENTS = YES;
				CLANG_WARN_EMPTY_BODY = YES;
				CLANG_WARN_ENUM_CONVERSION = YES;
				CLANG_WARN_INFINITE_RECURSION = YES;
				CLANG_WARN_INT_CONVERSION = YES;
				CLANG_WARN_NON_LITERAL_NULL_CONVERSION = YES;
				CLANG_WARN_OBJC_IMPLICIT_RETAIN_SELF = YES;
				CLANG_WARN_OBJC_LITERAL_CONVERSION = YES;
				CLANG_WARN_OBJC_ROOT_CLASS = YES_ERROR;
				CLANG_WARN_QUOTED_INCLUDE_IN_FRAMEWORK_HEADER = YES;
				CLANG_WARN_RANGE_LOOP_ANALYSIS = YES;
				CLANG_WARN_STRICT_PROTOTYPES = YES;
				CLANG_WARN_SUSPICIOUS_MOVE = YES;
				CLANG_WARN_UNGUARDED_AVAILABILITY = YES_AGGRESSIVE;
				CLANG_WARN_UNREACHABLE_CODE = YES;
				CLANG_WARN__DUPLICATE_METHOD_MATCH = YES;
				COPY_PHASE_STRIP = NO;
				DEBUG_INFORMATION_FORMAT = "dwarf-with-dsym";
				ENABLE_NS_ASSERTIONS = NO;
				ENABLE_STRICT_OBJC_MSGSEND = YES;
				ENABLE_USER_SCRIPT_SANDBOXING = YES;
				GCC_C_LANGUAGE_STANDARD = gnu17;
				GCC_NO_COMMON_BLOCKS = YES;
				GCC_WARN_64_TO_32_BIT_CONVERSION = YES;
				GCC_WARN_ABOUT_RETURN_TYPE = YES_ERROR;
				GCC_WARN_UNDECLARED_SELECTOR = YES;
				GCC_WARN_UNINITIALIZED_AUTOS = YES_AGGRESSIVE;
				GCC_WARN_UNUSED_FUNCTION = YES;
				GCC_WARN_UNUSED_VARIABLE = YES;
				IPHONEOS_DEPLOYMENT_TARGET = 15.0;
				LOCALIZATION_PREFERS_STRING_CATALOGS = YES;
				MTL_ENABLE_DEBUG_INFO = NO;
				MTL_FAST_MATH = YES;
				SDKROOT = iphoneos;
				SWIFT_COMPILATION_MODE = wholemodule;
				VALIDATE_PRODUCT = YES;
			};
			name = Release;
		};
		927AD7A92B52E744006FE565 /* Debug */ = {
			isa = XCBuildConfiguration;
			buildSettings = {
				ASSETCATALOG_COMPILER_APPICON_NAME = AppIcon;
				ASSETCATALOG_COMPILER_GLOBAL_ACCENT_COLOR_NAME = AccentColor;
				CODE_SIGN_STYLE = Automatic;
				CURRENT_PROJECT_VERSION = 1;
				DEVELOPMENT_TEAM = 7N86CJ6D9W;
				GENERATE_INFOPLIST_FILE = YES;
				INFOPLIST_FILE = "ProductApp-MVVM/Info.plist";
				INFOPLIST_KEY_UIApplicationSupportsIndirectInputEvents = YES;
				INFOPLIST_KEY_UILaunchStoryboardName = LaunchScreen;
				INFOPLIST_KEY_UIMainStoryboardFile = Main;
				INFOPLIST_KEY_UISupportedInterfaceOrientations = "UIInterfaceOrientationLandscapeLeft UIInterfaceOrientationLandscapeRight UIInterfaceOrientationPortrait";
				INFOPLIST_KEY_UISupportedInterfaceOrientations_iPad = "UIInterfaceOrientationLandscapeLeft UIInterfaceOrientationLandscapeRight UIInterfaceOrientationPortrait UIInterfaceOrientationPortraitUpsideDown";
				IPHONEOS_DEPLOYMENT_TARGET = 15.0;
				LD_RUNPATH_SEARCH_PATHS = (
					"$(inherited)",
					"@executable_path/Frameworks",
				);
				MARKETING_VERSION = 1.0;
				PRODUCT_BUNDLE_IDENTIFIER = "com.himanshu.ProductApp-MVVM";
				PRODUCT_NAME = "$(TARGET_NAME)";
				SUPPORTED_PLATFORMS = "iphoneos iphonesimulator";
				SUPPORTS_MACCATALYST = NO;
				SUPPORTS_MAC_DESIGNED_FOR_IPHONE_IPAD = NO;
				SUPPORTS_XR_DESIGNED_FOR_IPHONE_IPAD = NO;
				SWIFT_EMIT_LOC_STRINGS = YES;
				SWIFT_VERSION = 5.0;
				TARGETED_DEVICE_FAMILY = 1;
			};
			name = Debug;
		};
		927AD7AA2B52E744006FE565 /* Release */ = {
			isa = XCBuildConfiguration;
			buildSettings = {
				ASSETCATALOG_COMPILER_APPICON_NAME = AppIcon;
				ASSETCATALOG_COMPILER_GLOBAL_ACCENT_COLOR_NAME = AccentColor;
				CODE_SIGN_STYLE = Automatic;
				CURRENT_PROJECT_VERSION = 1;
				DEVELOPMENT_TEAM = 7N86CJ6D9W;
				GENERATE_INFOPLIST_FILE = YES;
				INFOPLIST_FILE = "ProductApp-MVVM/Info.plist";
				INFOPLIST_KEY_UIApplicationSupportsIndirectInputEvents = YES;
				INFOPLIST_KEY_UILaunchStoryboardName = LaunchScreen;
				INFOPLIST_KEY_UIMainStoryboardFile = Main;
				INFOPLIST_KEY_UISupportedInterfaceOrientations = "UIInterfaceOrientationLandscapeLeft UIInterfaceOrientationLandscapeRight UIInterfaceOrientationPortrait";
				INFOPLIST_KEY_UISupportedInterfaceOrientations_iPad = "UIInterfaceOrientationLandscapeLeft UIInterfaceOrientationLandscapeRight UIInterfaceOrientationPortrait UIInterfaceOrientationPortraitUpsideDown";
				IPHONEOS_DEPLOYMENT_TARGET = 15.0;
				LD_RUNPATH_SEARCH_PATHS = (
					"$(inherited)",
					"@executable_path/Frameworks",
				);
				MARKETING_VERSION = 1.0;
				PRODUCT_BUNDLE_IDENTIFIER = "com.himanshu.ProductApp-MVVM";
				PRODUCT_NAME = "$(TARGET_NAME)";
				SUPPORTED_PLATFORMS = "iphoneos iphonesimulator";
				SUPPORTS_MACCATALYST = NO;
				SUPPORTS_MAC_DESIGNED_FOR_IPHONE_IPAD = NO;
				SUPPORTS_XR_DESIGNED_FOR_IPHONE_IPAD = NO;
				SWIFT_EMIT_LOC_STRINGS = YES;
				SWIFT_VERSION = 5.0;
				TARGETED_DEVICE_FAMILY = 1;
			};
			name = Release;
		};
/* End XCBuildConfiguration section */

/* Begin XCConfigurationList section */
		927AD78F2B52E742006FE565 /* Build configuration list for PBXProject "ProductApp-MVVM" */ = {
			isa = XCConfigurationList;
			buildConfigurations = (
				927AD7A62B52E744006FE565 /* Debug */,
				927AD7A72B52E744006FE565 /* Release */,
			);
			defaultConfigurationIsVisible = 0;
			defaultConfigurationName = Release;
		};
		927AD7A82B52E744006FE565 /* Build configuration list for PBXNativeTarget "ProductApp-MVVM" */ = {
			isa = XCConfigurationList;
			buildConfigurations = (
				927AD7A92B52E744006FE565 /* Debug */,
				927AD7AA2B52E744006FE565 /* Release */,
			);
			defaultConfigurationIsVisible = 0;
			defaultConfigurationName = Release;
		};
/* End XCConfigurationList section */

/* Begin XCRemoteSwiftPackageReference section */
		92799F662B5659300003A9FA /* XCRemoteSwiftPackageReference "IQKeyboardManager" */ = {
			isa = XCRemoteSwiftPackageReference;
			repositoryURL = "https://github.com/hackiftekhar/IQKeyboardManager.git";
			requirement = {
				kind = upToNextMajorVersion;
				minimumVersion = 7.0.0;
			};
		};
		928441EE2B53BE48009E172F /* XCRemoteSwiftPackageReference "Kingfisher" */ = {
			isa = XCRemoteSwiftPackageReference;
			repositoryURL = "https://github.com/onevcat/Kingfisher.git";
			requirement = {
				kind = upToNextMajorVersion;
				minimumVersion = 7.10.2;
			};
		};
		92C0ED792B53A9D3002CF017 /* XCRemoteSwiftPackageReference "Alamofire" */ = {
			isa = XCRemoteSwiftPackageReference;
			repositoryURL = "https://github.com/Alamofire/Alamofire.git";
			requirement = {
				kind = upToNextMajorVersion;
				minimumVersion = 5.8.1;
			};
		};
/* End XCRemoteSwiftPackageReference section */

/* Begin XCSwiftPackageProductDependency section */
		92799F672B5659300003A9FA /* IQKeyboardManagerSwift */ = {
			isa = XCSwiftPackageProductDependency;
			package = 92799F662B5659300003A9FA /* XCRemoteSwiftPackageReference "IQKeyboardManager" */;
			productName = IQKeyboardManagerSwift;
		};
		928441EF2B53BE48009E172F /* Kingfisher */ = {
			isa = XCSwiftPackageProductDependency;
			package = 928441EE2B53BE48009E172F /* XCRemoteSwiftPackageReference "Kingfisher" */;
			productName = Kingfisher;
		};
		92C0ED7A2B53A9D3002CF017 /* Alamofire */ = {
			isa = XCSwiftPackageProductDependency;
			package = 92C0ED792B53A9D3002CF017 /* XCRemoteSwiftPackageReference "Alamofire" */;
			productName = Alamofire;
		};
/* End XCSwiftPackageProductDependency section */
	};
	rootObject = 927AD78C2B52E742006FE565 /* Project object */;
}
